<Solution>
	<Folder Name="/Solution Items/">
		<File Path=".editorconfig" />
		<File Path=".gitattributes" />
		<File Path=".gitignore" />
		<File Path="CLAUDE.md" />
		<File Path="Directory.Build.props" />
		<File Path="global.json" />
		<File Path="LICENSE" />
		<File Path="nuget.config" />
		<File Path="README.md" />
	</Folder>
	<Folder Name="/src/">
		<File Path="src/Directory.Build.props" />
		<File Path="src/Directory.Build.targets" />
		<Project Path="src/Infrastructure.Migrations/Infrastructure.Migrations.csproj" />
		<Project Path="src/Infrastructure.Components.Theme/Infrastructure.Components.Theme.csproj" />
		<Project Path="src/Infrastructure.Components.Theme.FluentUI/Infrastructure.Components.Theme.FluentUI.csproj" />
		<Project Path="src/Infrastructure.Web.Server/Infrastructure.Web.Server.csproj" />
		<Project Path="src/Infrastructure.Web.Client/Infrastructure.Web.Client.csproj" />
	</Folder>
	<Folder Name="/tests/">
		<File Path="tests/Directory.Build.props" />
		<File Path="tests/Directory.Build.targets" />
		<Project Path="tests/Infrastructure.Migrations.Tests/Infrastructure.Migrations.Tests.csproj" />
		<Project Path="tests/Infrastructure.Components.Theme.Tests/Infrastructure.Components.Theme.Tests.csproj" />
		<Project Path="tests/Infrastructure.Components.Theme.FluentUI.Tests/Infrastructure.Components.Theme.FluentUI.Tests.csproj" />
		<Project Path="tests/Infrastructure.Web.Server.Tests/Infrastructure.Web.Server.Tests.csproj" />
		<Project Path="tests/Infrastructure.Web.Client.Tests/Infrastructure.Web.Client.Tests.csproj" />
	</Folder>
</Solution>
